Microsoft Visual Studio Solution File, Format Version 12.00
# Visual Studio 15
VisualStudioVersion = 15.0.27130.2010
MinimumVisualStudioVersion = 10.0.40219.1
Project("{9A19103F-16F7-4668-BE54-9A1E7A4F7556}") = "Spherus.Notifications", "Spherus.Notifications\Spherus.Notifications.csproj", "{E9F5645F-0DE2-450B-881E-A72E915BA44A}"
EndProject
Global
	GlobalSection(SolutionConfigurationPlatforms) = preSolution
		Debug|Any CPU = Debug|Any CPU
		Release|Any CPU = Release|Any CPU
	EndGlobalSection
	GlobalSection(ProjectConfigurationPlatforms) = postSolution
		{E9F5645F-0DE2-450B-881E-A72E915BA44A}.Debug|Any CPU.ActiveCfg = Debug|Any CPU
		{E9F5645F-0DE2-450B-881E-A72E915BA44A}.Debug|Any CPU.Build.0 = Debug|Any CPU
		{E9F5645F-0DE2-450B-881E-A72E915BA44A}.Release|Any CPU.ActiveCfg = Release|Any CPU
		{E9F5645F-0DE2-450B-881E-A72E915BA44A}.Release|Any CPU.Build.0 = Release|Any CPU
	EndGlobalSection
	GlobalSection(SolutionProperties) = preSolution
		HideSolutionNode = FALSE
	EndGlobalSection
	GlobalSection(ExtensibilityGlobals) = postSolution
		SolutionGuid = {63F6829A-FB96-4190-9A32-2D1D865A624B}
	EndGlobalSection
EndGlobal
